
Microsoft Visual Studio Solution File, Format Version 12.00
# Visual Studio Version 16
VisualStudioVersion = 16.0.32602.291
MinimumVisualStudioVersion = 10.0.40219.1
Project("{FAE04EC0-301F-11D3-BF4B-00C04F79EFBC}") = "WebGentle.BookStore", "WebGentle.BookStore\WebGentle.BookStore.csproj", "{AACE8FD6-3F9A-446B-B24A-098D82A02FAF}"
EndProject
Global
	GlobalSection(SolutionConfigurationPlatforms) = preSolution
		Debug|Any CPU = Debug|Any CPU
		Release|Any CPU = Release|Any CPU
	EndGlobalSection
	GlobalSection(ProjectConfigurationPlatforms) = postSolution
		{AACE8FD6-3F9A-446B-B24A-098D82A02FAF}.Debug|Any CPU.ActiveCfg = Debug|Any CPU
		{AACE8FD6-3F9A-446B-B24A-098D82A02FAF}.Debug|Any CPU.Build.0 = Debug|Any CPU
		{AACE8FD6-3F9A-446B-B24A-098D82A02FAF}.Release|Any CPU.ActiveCfg = Release|Any CPU
		{AACE8FD6-3F9A-446B-B24A-098D82A02FAF}.Release|Any CPU.Build.0 = Release|Any CPU
	EndGlobalSection
	GlobalSection(SolutionProperties) = preSolution
		HideSolutionNode = FALSE
	EndGlobalSection
	GlobalSection(ExtensibilityGlobals) = postSolution
		SolutionGuid = {E21ADEC6-F108-4B49-976C-59D90F3F9671}
	EndGlobalSection
EndGlobal
